
Microsoft Visual Studio Solution File, Format Version 12.00
# Visual Studio Version 16
VisualStudioVersion = 16.0.29503.13
MinimumVisualStudioVersion = 10.0.40219.1
Project("{FAE04EC0-301F-11D3-BF4B-00C04F79EFBC}") = "BombCountdown", "BombCountdown\BombCountdown.csproj", "{52271949-BDF9-4631-9EAC-B19B911F4780}"
EndProject
Project("{FAE04EC0-301F-11D3-BF4B-00C04F79EFBC}") = "SevenSegment", "BombCountdown\SevenSegment\SevenSegment.csproj", "{00DB5A9C-12D3-43B0-9E4A-D9ECA873F5C9}"
EndProject
Global
	GlobalSection(SolutionConfigurationPlatforms) = preSolution
		Debug|Any CPU = Debug|Any CPU
		Release|Any CPU = Release|Any CPU
	EndGlobalSection
	GlobalSection(ProjectConfigurationPlatforms) = postSolution
		{52271949-BDF9-4631-9EAC-B19B911F4780}.Debug|Any CPU.ActiveCfg = Debug|Any CPU
		{52271949-BDF9-4631-9EAC-B19B911F4780}.Debug|Any CPU.Build.0 = Debug|Any CPU
		{52271949-BDF9-4631-9EAC-B19B911F4780}.Release|Any CPU.ActiveCfg = Release|Any CPU
		{52271949-BDF9-4631-9EAC-B19B911F4780}.Release|Any CPU.Build.0 = Release|Any CPU
		{00DB5A9C-12D3-43B0-9E4A-D9ECA873F5C9}.Debug|Any CPU.ActiveCfg = Debug|Any CPU
		{00DB5A9C-12D3-43B0-9E4A-D9ECA873F5C9}.Debug|Any CPU.Build.0 = Debug|Any CPU
		{00DB5A9C-12D3-43B0-9E4A-D9ECA873F5C9}.Release|Any CPU.ActiveCfg = Release|Any CPU
		{00DB5A9C-12D3-43B0-9E4A-D9ECA873F5C9}.Release|Any CPU.Build.0 = Release|Any CPU
	EndGlobalSection
	GlobalSection(SolutionProperties) = preSolution
		HideSolutionNode = FALSE
	EndGlobalSection
	GlobalSection(ExtensibilityGlobals) = postSolution
		SolutionGuid = {1ED2B6BD-84AD-4CB3-9088-AB23A67CA8C4}
	EndGlobalSection
EndGlobal
